
Microsoft Visual Studio Solution File, Format Version 12.00
# Visual Studio Version 17
VisualStudioVersion = 17.7.34024.191
MinimumVisualStudioVersion = 10.0.40219.1
Project("{FAE04EC0-301F-11D3-BF4B-00C04F79EFBC}") = "HeaderandFooter", "HeaderandFooter\HeaderandFooter.csproj", "{93C647FC-7B94-4489-80E2-0BD2101FEC6A}"
EndProject
Global
	GlobalSection(SolutionConfigurationPlatforms) = preSolution
		Debug|Any CPU = Debug|Any CPU
		Release|Any CPU = Release|Any CPU
	EndGlobalSection
	GlobalSection(ProjectConfigurationPlatforms) = postSolution
		{93C647FC-7B94-4489-80E2-0BD2101FEC6A}.Debug|Any CPU.ActiveCfg = Debug|Any CPU
		{93C647FC-7B94-4489-80E2-0BD2101FEC6A}.Debug|Any CPU.Build.0 = Debug|Any CPU
		{93C647FC-7B94-4489-80E2-0BD2101FEC6A}.Release|Any CPU.ActiveCfg = Release|Any CPU
		{93C647FC-7B94-4489-80E2-0BD2101FEC6A}.Release|Any CPU.Build.0 = Release|Any CPU
	EndGlobalSection
	GlobalSection(SolutionProperties) = preSolution
		HideSolutionNode = FALSE
	EndGlobalSection
	GlobalSection(ExtensibilityGlobals) = postSolution
		SolutionGuid = {5EF5D4F2-2A8B-4EA8-A14F-A5C0698BB898}
	EndGlobalSection
EndGlobal
